{
  "version": "3",
  "packages": {
    "specifiers": {
      "npm:lru-cache@^11.0.0": "npm:lru-cache@11.0.0",
      "npm:quick-lru@^7.0.0": "npm:quick-lru@7.0.0"
    },
    "npm": {
      "lru-cache@11.0.0": {
        "integrity": "sha512-Qv32eSV1RSCfhY3fpPE2GNZ8jgM9X7rdAfemLWqTUxwiyIC4jJ6Sy0fZ8H+oLWevO6i4/bizg7c8d8i6bxrzbA==",
        "dependencies": {}
      },
      "quick-lru@7.0.0": {
        "integrity": "sha512-MX8gB7cVYTrYcFfAnfLlhRd0+Toyl8yX8uBx1MrX7K0jegiz9TumwOK27ldXrgDlHRdVi+MqU9Ssw6dr4BNreg==",
        "dependencies": {}
      }
    }
  },
  "remote": {},
  "workspace": {
    "dependencies": [
      "npm:lru-cache@^11.0.0",
      "npm:quick-lru@^7.0.0"
    ],
    "packageJson": {
      "dependencies": [
        "npm:benchmark@^2.1.4",
        "npm:lru-cache@^11.0.0",
        "npm:quick-lru@^7.0.0"
      ]
    }
  }
}
